
Microsoft Visual Studio Solution File, Format Version 12.00
# Visual Studio Version 17
VisualStudioVersion = 17.6.33712.159
MinimumVisualStudioVersion = 10.0.40219.1
Project("{9A19103F-16F7-4668-BE54-9A1E7A4F7556}") = "HVACTopgun.UI", "HVACTopgun.UI\HVACTopgun.UI.csproj", "{4196F0B3-D666-43AF-9189-95BC208D5B63}"
EndProject
Project("{9A19103F-16F7-4668-BE54-9A1E7A4F7556}") = "HVACTopGun.Api", "HVACTopGun.Api\HVACTopGun.Api.csproj", "{BB9682B0-4527-4BA7-BAFD-B3EA90CF77A6}"
EndProject
Project("{2150E333-8FDC-42A3-9474-1A3956D46DE8}") = "HVACTopGun.WPPlugin", "HVACTopGun.WPPlugin", "{84B5FE6E-DAEE-41ED-8F82-D8276D78BCE6}"
	ProjectSection(SolutionItems) = preProject
		HVACTopGun.Shared\ReadMe.md = HVACTopGun.Shared\ReadMe.md
	EndProjectSection
EndProject
Project("{00D1A9C2-B5F0-4AF3-8072-F6C62B433612}") = "Database-Home", "Database-Home\Database-Home.sqlproj", "{2E3663F8-21E5-41E0-B83C-F8782884B78C}"
EndProject
Project("{9A19103F-16F7-4668-BE54-9A1E7A4F7556}") = "DataAccess", "DataAccess\DataAccess.csproj", "{59F60F95-0230-4F69-ACB4-5C769BE10601}"
EndProject
Global
	GlobalSection(SolutionConfigurationPlatforms) = preSolution
		Debug|Any CPU = Debug|Any CPU
		Release|Any CPU = Release|Any CPU
	EndGlobalSection
	GlobalSection(ProjectConfigurationPlatforms) = postSolution
		{4196F0B3-D666-43AF-9189-95BC208D5B63}.Debug|Any CPU.ActiveCfg = Debug|Any CPU
		{4196F0B3-D666-43AF-9189-95BC208D5B63}.Debug|Any CPU.Build.0 = Debug|Any CPU
		{4196F0B3-D666-43AF-9189-95BC208D5B63}.Release|Any CPU.ActiveCfg = Release|Any CPU
		{4196F0B3-D666-43AF-9189-95BC208D5B63}.Release|Any CPU.Build.0 = Release|Any CPU
		{BB9682B0-4527-4BA7-BAFD-B3EA90CF77A6}.Debug|Any CPU.ActiveCfg = Debug|Any CPU
		{BB9682B0-4527-4BA7-BAFD-B3EA90CF77A6}.Debug|Any CPU.Build.0 = Debug|Any CPU
		{BB9682B0-4527-4BA7-BAFD-B3EA90CF77A6}.Release|Any CPU.ActiveCfg = Release|Any CPU
		{BB9682B0-4527-4BA7-BAFD-B3EA90CF77A6}.Release|Any CPU.Build.0 = Release|Any CPU
		{2E3663F8-21E5-41E0-B83C-F8782884B78C}.Debug|Any CPU.ActiveCfg = Debug|Any CPU
		{2E3663F8-21E5-41E0-B83C-F8782884B78C}.Debug|Any CPU.Build.0 = Debug|Any CPU
		{2E3663F8-21E5-41E0-B83C-F8782884B78C}.Debug|Any CPU.Deploy.0 = Debug|Any CPU
		{2E3663F8-21E5-41E0-B83C-F8782884B78C}.Release|Any CPU.ActiveCfg = Release|Any CPU
		{2E3663F8-21E5-41E0-B83C-F8782884B78C}.Release|Any CPU.Build.0 = Release|Any CPU
		{2E3663F8-21E5-41E0-B83C-F8782884B78C}.Release|Any CPU.Deploy.0 = Release|Any CPU
		{59F60F95-0230-4F69-ACB4-5C769BE10601}.Debug|Any CPU.ActiveCfg = Debug|Any CPU
		{59F60F95-0230-4F69-ACB4-5C769BE10601}.Debug|Any CPU.Build.0 = Debug|Any CPU
		{59F60F95-0230-4F69-ACB4-5C769BE10601}.Release|Any CPU.ActiveCfg = Release|Any CPU
		{59F60F95-0230-4F69-ACB4-5C769BE10601}.Release|Any CPU.Build.0 = Release|Any CPU
	EndGlobalSection
	GlobalSection(SolutionProperties) = preSolution
		HideSolutionNode = FALSE
	EndGlobalSection
	GlobalSection(ExtensibilityGlobals) = postSolution
		SolutionGuid = {50BB5614-8132-4CA0-AC14-583EC454DE3E}
	EndGlobalSection
EndGlobal
